
Microsoft Visual Studio Solution File, Format Version 12.00
# Visual Studio 2013
VisualStudioVersion = 12.0.30723.0
MinimumVisualStudioVersion = 10.0.40219.1
Project("{2150E333-8FDC-42A3-9474-1A3956D46DE8}") = "src", "src", "{E922B313-AB37-45FB-B81B-A206CE82B001}"
EndProject
Project("{2150E333-8FDC-42A3-9474-1A3956D46DE8}") = "doc", "doc", "{E139ED3F-FCC4-4549-8E2D-80355BBBBA15}"
EndProject
Project("{2150E333-8FDC-42A3-9474-1A3956D46DE8}") = "client", "client", "{0AF9F171-415D-4A95-B564-09FDA97085D0}"
EndProject
Project("{2150E333-8FDC-42A3-9474-1A3956D46DE8}") = "core", "core", "{36A29ECC-5FE3-4CDF-A301-CC4A33F3B569}"
EndProject
Project("{2150E333-8FDC-42A3-9474-1A3956D46DE8}") = "service", "service", "{2875F638-4507-45CC-A21F-7D6D78E0AA8C}"
EndProject
Project("{FAE04EC0-301F-11D3-BF4B-00C04F79EFBC}") = "Szcg.Core.appraiseBL", "src\core\bl\Szcg.Core.appraiseBL\Szcg.Core.appraiseBL.csproj", "{39FBFCFD-9A05-4BA9-B351-3BB8BF1C9116}"
EndProject
Project("{FAE04EC0-301F-11D3-BF4B-00C04F79EFBC}") = "Szcg.Core.businessBL", "src\core\bl\Szcg.Core.businessBL\Szcg.Core.businessBL.csproj", "{425729BE-2713-45A8-800E-FE05C47C9839}"
EndProject
Project("{FAE04EC0-301F-11D3-BF4B-00C04F79EFBC}") = "Szcg.Core.comold", "src\core\bl\Szcg.Core.comold\Szcg.Core.comold.csproj", "{69BC850F-E186-470F-8A11-3028E712AB4C}"
EndProject
Project("{FAE04EC0-301F-11D3-BF4B-00C04F79EFBC}") = "Szcg.Core.dalBL", "src\core\bl\Szcg.Core.dalBL\Szcg.Core.dalBL.csproj", "{04B22110-4723-4926-A6ED-1C98F68B95E1}"
EndProject
Project("{FAE04EC0-301F-11D3-BF4B-00C04F79EFBC}") = "Szcg.Core.jyzfBL", "src\core\bl\Szcg.Core.jyzfBL\Szcg.Core.jyzfBL.csproj", "{25E802B8-9467-4538-9B63-98B1DF520662}"
EndProject
Project("{FAE04EC0-301F-11D3-BF4B-00C04F79EFBC}") = "Szcg.Core.loginBL", "src\core\bl\Szcg.Core.loginBL\Szcg.Core.loginBL.csproj", "{C724664A-C88B-482D-A215-4E0BA99A27E3}"
EndProject
Project("{FAE04EC0-301F-11D3-BF4B-00C04F79EFBC}") = "Szcg.Core.pubBL", "src\core\bl\Szcg.Core.pubBL\Szcg.Core.pubBL.csproj", "{80100CB2-3958-48A0-AB76-2FC69CCF877F}"
EndProject
Project("{FAE04EC0-301F-11D3-BF4B-00C04F79EFBC}") = "Szcg.Core.sjjhBL", "src\core\bl\Szcg.Core.sjjhBL\Szcg.Core.sjjhBL.csproj", "{48DADD7E-388D-4405-9F29-B69615C2E87D}"
EndProject
Project("{FAE04EC0-301F-11D3-BF4B-00C04F79EFBC}") = "Szcg.Core.szbaseBL", "src\core\bl\Szcg.Core.szbaseBL\Szcg.Core.szbaseBL.csproj", "{36A8B3B7-6E72-4BCC-A88F-A0DFCCC6915B}"
EndProject
Project("{FAE04EC0-301F-11D3-BF4B-00C04F79EFBC}") = "Szcg.Core.ywdxBL", "src\core\bl\Szcg.Core.ywdxBL\Szcg.Core.ywdxBL.csproj", "{4433D469-B373-4A1C-B0DB-CDA61597729C}"
EndProject
Project("{FAE04EC0-301F-11D3-BF4B-00C04F79EFBC}") = "Szcg.Core.zhifaBL", "src\core\bl\Szcg.Core.zhifaBL\Szcg.Core.zhifaBL.csproj", "{B68E23FD-C31D-43EA-99E4-087575C30E24}"
EndProject
Project("{2150E333-8FDC-42A3-9474-1A3956D46DE8}") = "bl", "bl", "{D5C79CE8-1166-41FE-A28D-149BD861106D}"
EndProject
Project("{2150E333-8FDC-42A3-9474-1A3956D46DE8}") = "dbl", "dbl", "{8831A637-A85F-4C62-B2E0-A70A82CEBFAE}"
EndProject
Project("{2150E333-8FDC-42A3-9474-1A3956D46DE8}") = "dl", "dl", "{706E45E3-CED3-42B4-9ED5-69F25ABD1B08}"
EndProject
Project("{FAE04EC0-301F-11D3-BF4B-00C04F79EFBC}") = "Szcg.Core.bussinesDBL", "src\core\dbl\Szcg.Core.bussinesDBL\Szcg.Core.bussinesDBL.csproj", "{F4C5BE34-AF8C-462F-B4AA-998D9BE75623}"
EndProject
Project("{FAE04EC0-301F-11D3-BF4B-00C04F79EFBC}") = "Szcg.Core.DBL.appraiseDBL", "src\core\dbl\Szcg.Core.DBL.appraiseDBL\Szcg.Core.DBL.appraiseDBL.csproj", "{61897884-7215-44F5-9E60-B36897B394CE}"
EndProject
Project("{FAE04EC0-301F-11D3-BF4B-00C04F79EFBC}") = "Szcg.Core.jyzfDBL", "src\core\dbl\Szcg.Core.jyzfDBL\Szcg.Core.jyzfDBL.csproj", "{733FC533-6B10-4AF5-90EC-F795D84C81CD}"
EndProject
Project("{FAE04EC0-301F-11D3-BF4B-00C04F79EFBC}") = "Szcg.Core.loginDBL", "src\core\dbl\Szcg.Core.loginDBL\Szcg.Core.loginDBL.csproj", "{0DAC275C-0804-4790-BB69-1D0A4979887B}"
EndProject
Project("{FAE04EC0-301F-11D3-BF4B-00C04F79EFBC}") = "Szcg.Core.pubDBL", "src\core\dbl\Szcg.Core.pubDBL\Szcg.Core.pubDBL.csproj", "{AD9AA70C-CEB9-4E75-B740-31FBC319B46A}"
EndProject
Project("{FAE04EC0-301F-11D3-BF4B-00C04F79EFBC}") = "Szcg.Core.szbaseDBL", "src\core\dbl\Szcg.Core.szbaseDBL\Szcg.Core.szbaseDBL.csproj", "{B2F00CA1-C5E2-4E6D-A544-411ACF4E2E8D}"
EndProject
Project("{FAE04EC0-301F-11D3-BF4B-00C04F79EFBC}") = "Szcg.Core.zhifaDBL", "src\core\dbl\Szcg.Core.zhifaDBL\Szcg.Core.zhifaDBL.csproj", "{1ED20BAD-804B-4B6E-81B6-5066DE3A4E7E}"
EndProject
Project("{FAE04EC0-301F-11D3-BF4B-00C04F79EFBC}") = "Szcg.Core.appraiseDL", "src\core\dl\Szcg.Core.appraiseDL\Szcg.Core.appraiseDL.csproj", "{AA594BF1-07AD-4F27-A16A-50DB85EB6D85}"
EndProject
Project("{FAE04EC0-301F-11D3-BF4B-00C04F79EFBC}") = "Szcg.Core.businessDL", "src\core\dl\Szcg.Core.businessDL\Szcg.Core.businessDL.csproj", "{B6400C06-186B-4722-A508-268D7FBCB1A7}"
EndProject
Project("{FAE04EC0-301F-11D3-BF4B-00C04F79EFBC}") = "Szcg.Core.environmentDL", "src\core\dl\Szcg.Core.environmentDL\Szcg.Core.environmentDL.csproj", "{E12B9208-52DF-4CDF-96B1-12C5B87D37EA}"
EndProject
Project("{FAE04EC0-301F-11D3-BF4B-00C04F79EFBC}") = "Szcg.Core.jyzfDL", "src\core\dl\Szcg.Core.jyzfDL\Szcg.Core.jyzfDL.csproj", "{8ECFF2BD-7C2C-4EF4-AAFE-E71C1164ECC2}"
EndProject
Project("{FAE04EC0-301F-11D3-BF4B-00C04F79EFBC}") = "Szcg.Core.loginDL", "src\core\dl\Szcg.Core.loginDL\Szcg.Core.loginDL.csproj", "{17AC39BB-1E7C-4E24-8AB4-CE89ECB409DC}"
EndProject
Project("{FAE04EC0-301F-11D3-BF4B-00C04F79EFBC}") = "Szcg.Core.pubDL", "src\core\dl\Szcg.Core.pubDL\Szcg.Core.pubDL.csproj", "{914F3BF1-174F-4B30-B491-B1E6406AC135}"
EndProject
Project("{FAE04EC0-301F-11D3-BF4B-00C04F79EFBC}") = "Szcg.Core.searchDL", "src\core\dl\Szcg.Core.searchDL\Szcg.Core.searchDL.csproj", "{9B4FF65C-E06F-4647-A945-4DDFA329B4AF}"
EndProject
Project("{FAE04EC0-301F-11D3-BF4B-00C04F79EFBC}") = "Szcg.Core.sjjhDL", "src\core\dl\Szcg.Core.sjjhDL\Szcg.Core.sjjhDL.csproj", "{CCFAD43B-6B06-4632-B1E1-3CE41811D62D}"
EndProject
Project("{FAE04EC0-301F-11D3-BF4B-00C04F79EFBC}") = "Szcg.Core.szbaseDL", "src\core\dl\Szcg.Core.szbaseDL\Szcg.Core.szbaseDL.csproj", "{EDE80FBE-8FD7-45A4-92D2-FBEB1DF042D6}"
EndProject
Project("{FAE04EC0-301F-11D3-BF4B-00C04F79EFBC}") = "Szcg.Core.ywdxDL", "src\core\dl\Szcg.Core.ywdxDL\Szcg.Core.ywdxDL.csproj", "{D5ABAE01-9C5E-41CE-B61F-C1250161BCE9}"
EndProject
Project("{FAE04EC0-301F-11D3-BF4B-00C04F79EFBC}") = "Szcg.Core.zhifaDL", "src\core\dl\Szcg.Core.zhifaDL\Szcg.Core.zhifaDL.csproj", "{FA8CB07B-899A-423C-B061-29C22FB3DA39}"
EndProject
Project("{FAE04EC0-301F-11D3-BF4B-00C04F79EFBC}") = "Szcg.Service.Bussiness", "src\service\Szcg.Service.Bussiness\Szcg.Service.Bussiness.csproj", "{ABFE607D-2ADF-489A-B3C4-022EDC434214}"
EndProject
Project("{FAE04EC0-301F-11D3-BF4B-00C04F79EFBC}") = "Szcg.Service.Common", "src\service\Szcg.Service.Common\Szcg.Service.Common.csproj", "{672D2FBF-1679-465A-8AAE-62B83E197905}"
EndProject
Project("{FAE04EC0-301F-11D3-BF4B-00C04F79EFBC}") = "Szcg.Service.IBussiness", "src\service\Szcg.Service.IBussiness\Szcg.Service.IBussiness.csproj", "{727D8E44-28FD-419A-A8BD-43292D6BD535}"
EndProject
Project("{FAE04EC0-301F-11D3-BF4B-00C04F79EFBC}") = "Szcg.Service.Model", "src\service\Szcg.Service.Model\Szcg.Service.Model.csproj", "{A0514EBB-B17B-499D-9EBA-769007F01400}"
EndProject
Project("{FAE04EC0-301F-11D3-BF4B-00C04F79EFBC}") = "Szcg.Core.Common", "src\core\Szcg.Core.Common\Szcg.Core.Common.csproj", "{08FB2DCD-FA7D-49A2-9051-CFAA39E38796}"
EndProject
Project("{FAE04EC0-301F-11D3-BF4B-00C04F79EFBC}") = "Test", "src\client\Test\Test.csproj", "{EC99CD27-30A4-468E-870A-9D2C934B500A}"
EndProject
Project("{FAE04EC0-301F-11D3-BF4B-00C04F79EFBC}") = "Szcg.Web", "src\client\Szcg.Web\Szcg.Web.csproj", "{4AB56C05-8E9B-47F9-A2F2-D23C24CB548B}"
EndProject
Project("{FAE04EC0-301F-11D3-BF4B-00C04F79EFBC}") = "Szcg.Web.Tests", "src\client\Szcg.Web.Tests\Szcg.Web.Tests.csproj", "{A6141A3A-FDE7-4E57-952F-FFA8FF00FD36}"
EndProject
Project("{FAE04EC0-301F-11D3-BF4B-00C04F79EFBC}") = "Szcg.TaskScheduler", "src\client\Szcg.TaskScheduler\Szcg.TaskScheduler.csproj", "{DCABD199-E93A-4B83-92C1-FCADD625F350}"
EndProject
Project("{FAE04EC0-301F-11D3-BF4B-00C04F79EFBC}") = "Szcg.Map", "Szcg.Map\Szcg.Map.csproj", "{84540186-43BE-4A65-97AB-79A63176E689}"
EndProject
Global
	GlobalSection(SolutionConfigurationPlatforms) = preSolution
		Debug|Any CPU = Debug|Any CPU
		Release|Any CPU = Release|Any CPU
	EndGlobalSection
	GlobalSection(ProjectConfigurationPlatforms) = postSolution
		{39FBFCFD-9A05-4BA9-B351-3BB8BF1C9116}.Debug|Any CPU.ActiveCfg = Debug|Any CPU
		{39FBFCFD-9A05-4BA9-B351-3BB8BF1C9116}.Debug|Any CPU.Build.0 = Debug|Any CPU
		{39FBFCFD-9A05-4BA9-B351-3BB8BF1C9116}.Release|Any CPU.ActiveCfg = Release|Any CPU
		{39FBFCFD-9A05-4BA9-B351-3BB8BF1C9116}.Release|Any CPU.Build.0 = Release|Any CPU
		{425729BE-2713-45A8-800E-FE05C47C9839}.Debug|Any CPU.ActiveCfg = Debug|Any CPU
		{425729BE-2713-45A8-800E-FE05C47C9839}.Debug|Any CPU.Build.0 = Debug|Any CPU
		{425729BE-2713-45A8-800E-FE05C47C9839}.Release|Any CPU.ActiveCfg = Release|Any CPU
		{425729BE-2713-45A8-800E-FE05C47C9839}.Release|Any CPU.Build.0 = Release|Any CPU
		{69BC850F-E186-470F-8A11-3028E712AB4C}.Debug|Any CPU.ActiveCfg = Debug|Any CPU
		{69BC850F-E186-470F-8A11-3028E712AB4C}.Debug|Any CPU.Build.0 = Debug|Any CPU
		{69BC850F-E186-470F-8A11-3028E712AB4C}.Release|Any CPU.ActiveCfg = Release|Any CPU
		{69BC850F-E186-470F-8A11-3028E712AB4C}.Release|Any CPU.Build.0 = Release|Any CPU
		{04B22110-4723-4926-A6ED-1C98F68B95E1}.Debug|Any CPU.ActiveCfg = Debug|Any CPU
		{04B22110-4723-4926-A6ED-1C98F68B95E1}.Debug|Any CPU.Build.0 = Debug|Any CPU
		{04B22110-4723-4926-A6ED-1C98F68B95E1}.Release|Any CPU.ActiveCfg = Release|Any CPU
		{04B22110-4723-4926-A6ED-1C98F68B95E1}.Release|Any CPU.Build.0 = Release|Any CPU
		{25E802B8-9467-4538-9B63-98B1DF520662}.Debug|Any CPU.ActiveCfg = Debug|Any CPU
		{25E802B8-9467-4538-9B63-98B1DF520662}.Debug|Any CPU.Build.0 = Debug|Any CPU
		{25E802B8-9467-4538-9B63-98B1DF520662}.Release|Any CPU.ActiveCfg = Release|Any CPU
		{25E802B8-9467-4538-9B63-98B1DF520662}.Release|Any CPU.Build.0 = Release|Any CPU
		{C724664A-C88B-482D-A215-4E0BA99A27E3}.Debug|Any CPU.ActiveCfg = Debug|Any CPU
		{C724664A-C88B-482D-A215-4E0BA99A27E3}.Debug|Any CPU.Build.0 = Debug|Any CPU
		{C724664A-C88B-482D-A215-4E0BA99A27E3}.Release|Any CPU.ActiveCfg = Release|Any CPU
		{C724664A-C88B-482D-A215-4E0BA99A27E3}.Release|Any CPU.Build.0 = Release|Any CPU
		{80100CB2-3958-48A0-AB76-2FC69CCF877F}.Debug|Any CPU.ActiveCfg = Debug|Any CPU
		{80100CB2-3958-48A0-AB76-2FC69CCF877F}.Debug|Any CPU.Build.0 = Debug|Any CPU
		{80100CB2-3958-48A0-AB76-2FC69CCF877F}.Release|Any CPU.ActiveCfg = Release|Any CPU
		{80100CB2-3958-48A0-AB76-2FC69CCF877F}.Release|Any CPU.Build.0 = Release|Any CPU
		{48DADD7E-388D-4405-9F29-B69615C2E87D}.Debug|Any CPU.ActiveCfg = Debug|Any CPU
		{48DADD7E-388D-4405-9F29-B69615C2E87D}.Debug|Any CPU.Build.0 = Debug|Any CPU
		{48DADD7E-388D-4405-9F29-B69615C2E87D}.Release|Any CPU.ActiveCfg = Release|Any CPU
		{48DADD7E-388D-4405-9F29-B69615C2E87D}.Release|Any CPU.Build.0 = Release|Any CPU
		{36A8B3B7-6E72-4BCC-A88F-A0DFCCC6915B}.Debug|Any CPU.ActiveCfg = Debug|Any CPU
		{36A8B3B7-6E72-4BCC-A88F-A0DFCCC6915B}.Debug|Any CPU.Build.0 = Debug|Any CPU
		{36A8B3B7-6E72-4BCC-A88F-A0DFCCC6915B}.Release|Any CPU.ActiveCfg = Release|Any CPU
		{36A8B3B7-6E72-4BCC-A88F-A0DFCCC6915B}.Release|Any CPU.Build.0 = Release|Any CPU
		{4433D469-B373-4A1C-B0DB-CDA61597729C}.Debug|Any CPU.ActiveCfg = Debug|Any CPU
		{4433D469-B373-4A1C-B0DB-CDA61597729C}.Debug|Any CPU.Build.0 = Debug|Any CPU
		{4433D469-B373-4A1C-B0DB-CDA61597729C}.Release|Any CPU.ActiveCfg = Release|Any CPU
		{4433D469-B373-4A1C-B0DB-CDA61597729C}.Release|Any CPU.Build.0 = Release|Any CPU
		{B68E23FD-C31D-43EA-99E4-087575C30E24}.Debug|Any CPU.ActiveCfg = Debug|Any CPU
		{B68E23FD-C31D-43EA-99E4-087575C30E24}.Debug|Any CPU.Build.0 = Debug|Any CPU
		{B68E23FD-C31D-43EA-99E4-087575C30E24}.Release|Any CPU.ActiveCfg = Release|Any CPU
		{B68E23FD-C31D-43EA-99E4-087575C30E24}.Release|Any CPU.Build.0 = Release|Any CPU
		{F4C5BE34-AF8C-462F-B4AA-998D9BE75623}.Debug|Any CPU.ActiveCfg = Debug|Any CPU
		{F4C5BE34-AF8C-462F-B4AA-998D9BE75623}.Debug|Any CPU.Build.0 = Debug|Any CPU
		{F4C5BE34-AF8C-462F-B4AA-998D9BE75623}.Release|Any CPU.ActiveCfg = Release|Any CPU
		{F4C5BE34-AF8C-462F-B4AA-998D9BE75623}.Release|Any CPU.Build.0 = Release|Any CPU
		{61897884-7215-44F5-9E60-B36897B394CE}.Debug|Any CPU.ActiveCfg = Debug|Any CPU
		{61897884-7215-44F5-9E60-B36897B394CE}.Debug|Any CPU.Build.0 = Debug|Any CPU
		{61897884-7215-44F5-9E60-B36897B394CE}.Release|Any CPU.ActiveCfg = Release|Any CPU
		{61897884-7215-44F5-9E60-B36897B394CE}.Release|Any CPU.Build.0 = Release|Any CPU
		{733FC533-6B10-4AF5-90EC-F795D84C81CD}.Debug|Any CPU.ActiveCfg = Debug|Any CPU
		{733FC533-6B10-4AF5-90EC-F795D84C81CD}.Debug|Any CPU.Build.0 = Debug|Any CPU
		{733FC533-6B10-4AF5-90EC-F795D84C81CD}.Release|Any CPU.ActiveCfg = Release|Any CPU
		{733FC533-6B10-4AF5-90EC-F795D84C81CD}.Release|Any CPU.Build.0 = Release|Any CPU
		{0DAC275C-0804-4790-BB69-1D0A4979887B}.Debug|Any CPU.ActiveCfg = Debug|Any CPU
		{0DAC275C-0804-4790-BB69-1D0A4979887B}.Debug|Any CPU.Build.0 = Debug|Any CPU
		{0DAC275C-0804-4790-BB69-1D0A4979887B}.Release|Any CPU.ActiveCfg = Release|Any CPU
		{0DAC275C-0804-4790-BB69-1D0A4979887B}.Release|Any CPU.Build.0 = Release|Any CPU
		{AD9AA70C-CEB9-4E75-B740-31FBC319B46A}.Debug|Any CPU.ActiveCfg = Debug|Any CPU
		{AD9AA70C-CEB9-4E75-B740-31FBC319B46A}.Debug|Any CPU.Build.0 = Debug|Any CPU
		{AD9AA70C-CEB9-4E75-B740-31FBC319B46A}.Release|Any CPU.ActiveCfg = Release|Any CPU
		{AD9AA70C-CEB9-4E75-B740-31FBC319B46A}.Release|Any CPU.Build.0 = Release|Any CPU
		{B2F00CA1-C5E2-4E6D-A544-411ACF4E2E8D}.Debug|Any CPU.ActiveCfg = Debug|Any CPU
		{B2F00CA1-C5E2-4E6D-A544-411ACF4E2E8D}.Debug|Any CPU.Build.0 = Debug|Any CPU
		{B2F00CA1-C5E2-4E6D-A544-411ACF4E2E8D}.Release|Any CPU.ActiveCfg = Release|Any CPU
		{B2F00CA1-C5E2-4E6D-A544-411ACF4E2E8D}.Release|Any CPU.Build.0 = Release|Any CPU
		{1ED20BAD-804B-4B6E-81B6-5066DE3A4E7E}.Debug|Any CPU.ActiveCfg = Debug|Any CPU
		{1ED20BAD-804B-4B6E-81B6-5066DE3A4E7E}.Debug|Any CPU.Build.0 = Debug|Any CPU
		{1ED20BAD-804B-4B6E-81B6-5066DE3A4E7E}.Release|Any CPU.ActiveCfg = Release|Any CPU
		{1ED20BAD-804B-4B6E-81B6-5066DE3A4E7E}.Release|Any CPU.Build.0 = Release|Any CPU
		{AA594BF1-07AD-4F27-A16A-50DB85EB6D85}.Debug|Any CPU.ActiveCfg = Debug|Any CPU
		{AA594BF1-07AD-4F27-A16A-50DB85EB6D85}.Debug|Any CPU.Build.0 = Debug|Any CPU
		{AA594BF1-07AD-4F27-A16A-50DB85EB6D85}.Release|Any CPU.ActiveCfg = Release|Any CPU
		{AA594BF1-07AD-4F27-A16A-50DB85EB6D85}.Release|Any CPU.Build.0 = Release|Any CPU
		{B6400C06-186B-4722-A508-268D7FBCB1A7}.Debug|Any CPU.ActiveCfg = Debug|Any CPU
		{B6400C06-186B-4722-A508-268D7FBCB1A7}.Debug|Any CPU.Build.0 = Debug|Any CPU
		{B6400C06-186B-4722-A508-268D7FBCB1A7}.Release|Any CPU.ActiveCfg = Release|Any CPU
		{B6400C06-186B-4722-A508-268D7FBCB1A7}.Release|Any CPU.Build.0 = Release|Any CPU
		{E12B9208-52DF-4CDF-96B1-12C5B87D37EA}.Debug|Any CPU.ActiveCfg = Debug|Any CPU
		{E12B9208-52DF-4CDF-96B1-12C5B87D37EA}.Debug|Any CPU.Build.0 = Debug|Any CPU
		{E12B9208-52DF-4CDF-96B1-12C5B87D37EA}.Release|Any CPU.ActiveCfg = Release|Any CPU
		{E12B9208-52DF-4CDF-96B1-12C5B87D37EA}.Release|Any CPU.Build.0 = Release|Any CPU
		{8ECFF2BD-7C2C-4EF4-AAFE-E71C1164ECC2}.Debug|Any CPU.ActiveCfg = Debug|Any CPU
		{8ECFF2BD-7C2C-4EF4-AAFE-E71C1164ECC2}.Debug|Any CPU.Build.0 = Debug|Any CPU
		{8ECFF2BD-7C2C-4EF4-AAFE-E71C1164ECC2}.Release|Any CPU.ActiveCfg = Release|Any CPU
		{8ECFF2BD-7C2C-4EF4-AAFE-E71C1164ECC2}.Release|Any CPU.Build.0 = Release|Any CPU
		{17AC39BB-1E7C-4E24-8AB4-CE89ECB409DC}.Debug|Any CPU.ActiveCfg = Debug|Any CPU
		{17AC39BB-1E7C-4E24-8AB4-CE89ECB409DC}.Debug|Any CPU.Build.0 = Debug|Any CPU
		{17AC39BB-1E7C-4E24-8AB4-CE89ECB409DC}.Release|Any CPU.ActiveCfg = Release|Any CPU
		{17AC39BB-1E7C-4E24-8AB4-CE89ECB409DC}.Release|Any CPU.Build.0 = Release|Any CPU
		{914F3BF1-174F-4B30-B491-B1E6406AC135}.Debug|Any CPU.ActiveCfg = Debug|Any CPU
		{914F3BF1-174F-4B30-B491-B1E6406AC135}.Debug|Any CPU.Build.0 = Debug|Any CPU
		{914F3BF1-174F-4B30-B491-B1E6406AC135}.Release|Any CPU.ActiveCfg = Release|Any CPU
		{914F3BF1-174F-4B30-B491-B1E6406AC135}.Release|Any CPU.Build.0 = Release|Any CPU
		{9B4FF65C-E06F-4647-A945-4DDFA329B4AF}.Debug|Any CPU.ActiveCfg = Debug|Any CPU
		{9B4FF65C-E06F-4647-A945-4DDFA329B4AF}.Debug|Any CPU.Build.0 = Debug|Any CPU
		{9B4FF65C-E06F-4647-A945-4DDFA329B4AF}.Release|Any CPU.ActiveCfg = Release|Any CPU
		{9B4FF65C-E06F-4647-A945-4DDFA329B4AF}.Release|Any CPU.Build.0 = Release|Any CPU
		{CCFAD43B-6B06-4632-B1E1-3CE41811D62D}.Debug|Any CPU.ActiveCfg = Debug|Any CPU
		{CCFAD43B-6B06-4632-B1E1-3CE41811D62D}.Debug|Any CPU.Build.0 = Debug|Any CPU
		{CCFAD43B-6B06-4632-B1E1-3CE41811D62D}.Release|Any CPU.ActiveCfg = Release|Any CPU
		{CCFAD43B-6B06-4632-B1E1-3CE41811D62D}.Release|Any CPU.Build.0 = Release|Any CPU
		{EDE80FBE-8FD7-45A4-92D2-FBEB1DF042D6}.Debug|Any CPU.ActiveCfg = Debug|Any CPU
		{EDE80FBE-8FD7-45A4-92D2-FBEB1DF042D6}.Debug|Any CPU.Build.0 = Debug|Any CPU
		{EDE80FBE-8FD7-45A4-92D2-FBEB1DF042D6}.Release|Any CPU.ActiveCfg = Release|Any CPU
		{EDE80FBE-8FD7-45A4-92D2-FBEB1DF042D6}.Release|Any CPU.Build.0 = Release|Any CPU
		{D5ABAE01-9C5E-41CE-B61F-C1250161BCE9}.Debug|Any CPU.ActiveCfg = Debug|Any CPU
		{D5ABAE01-9C5E-41CE-B61F-C1250161BCE9}.Debug|Any CPU.Build.0 = Debug|Any CPU
		{D5ABAE01-9C5E-41CE-B61F-C1250161BCE9}.Release|Any CPU.ActiveCfg = Release|Any CPU
		{D5ABAE01-9C5E-41CE-B61F-C1250161BCE9}.Release|Any CPU.Build.0 = Release|Any CPU
		{FA8CB07B-899A-423C-B061-29C22FB3DA39}.Debug|Any CPU.ActiveCfg = Debug|Any CPU
		{FA8CB07B-899A-423C-B061-29C22FB3DA39}.Debug|Any CPU.Build.0 = Debug|Any CPU
		{FA8CB07B-899A-423C-B061-29C22FB3DA39}.Release|Any CPU.ActiveCfg = Release|Any CPU
		{FA8CB07B-899A-423C-B061-29C22FB3DA39}.Release|Any CPU.Build.0 = Release|Any CPU
		{ABFE607D-2ADF-489A-B3C4-022EDC434214}.Debug|Any CPU.ActiveCfg = Debug|Any CPU
		{ABFE607D-2ADF-489A-B3C4-022EDC434214}.Debug|Any CPU.Build.0 = Debug|Any CPU
		{ABFE607D-2ADF-489A-B3C4-022EDC434214}.Release|Any CPU.ActiveCfg = Release|Any CPU
		{ABFE607D-2ADF-489A-B3C4-022EDC434214}.Release|Any CPU.Build.0 = Release|Any CPU
		{672D2FBF-1679-465A-8AAE-62B83E197905}.Debug|Any CPU.ActiveCfg = Debug|Any CPU
		{672D2FBF-1679-465A-8AAE-62B83E197905}.Debug|Any CPU.Build.0 = Debug|Any CPU
		{672D2FBF-1679-465A-8AAE-62B83E197905}.Release|Any CPU.ActiveCfg = Release|Any CPU
		{672D2FBF-1679-465A-8AAE-62B83E197905}.Release|Any CPU.Build.0 = Release|Any CPU
		{727D8E44-28FD-419A-A8BD-43292D6BD535}.Debug|Any CPU.ActiveCfg = Debug|Any CPU
		{727D8E44-28FD-419A-A8BD-43292D6BD535}.Debug|Any CPU.Build.0 = Debug|Any CPU
		{727D8E44-28FD-419A-A8BD-43292D6BD535}.Release|Any CPU.ActiveCfg = Release|Any CPU
		{727D8E44-28FD-419A-A8BD-43292D6BD535}.Release|Any CPU.Build.0 = Release|Any CPU
		{A0514EBB-B17B-499D-9EBA-769007F01400}.Debug|Any CPU.ActiveCfg = Debug|Any CPU
		{A0514EBB-B17B-499D-9EBA-769007F01400}.Debug|Any CPU.Build.0 = Debug|Any CPU
		{A0514EBB-B17B-499D-9EBA-769007F01400}.Release|Any CPU.ActiveCfg = Release|Any CPU
		{A0514EBB-B17B-499D-9EBA-769007F01400}.Release|Any CPU.Build.0 = Release|Any CPU
		{08FB2DCD-FA7D-49A2-9051-CFAA39E38796}.Debug|Any CPU.ActiveCfg = Debug|Any CPU
		{08FB2DCD-FA7D-49A2-9051-CFAA39E38796}.Debug|Any CPU.Build.0 = Debug|Any CPU
		{08FB2DCD-FA7D-49A2-9051-CFAA39E38796}.Release|Any CPU.ActiveCfg = Release|Any CPU
		{08FB2DCD-FA7D-49A2-9051-CFAA39E38796}.Release|Any CPU.Build.0 = Release|Any CPU
		{EC99CD27-30A4-468E-870A-9D2C934B500A}.Debug|Any CPU.ActiveCfg = Debug|Any CPU
		{EC99CD27-30A4-468E-870A-9D2C934B500A}.Debug|Any CPU.Build.0 = Debug|Any CPU
		{EC99CD27-30A4-468E-870A-9D2C934B500A}.Release|Any CPU.ActiveCfg = Release|Any CPU
		{EC99CD27-30A4-468E-870A-9D2C934B500A}.Release|Any CPU.Build.0 = Release|Any CPU
		{4AB56C05-8E9B-47F9-A2F2-D23C24CB548B}.Debug|Any CPU.ActiveCfg = Debug|Any CPU
		{4AB56C05-8E9B-47F9-A2F2-D23C24CB548B}.Debug|Any CPU.Build.0 = Debug|Any CPU
		{4AB56C05-8E9B-47F9-A2F2-D23C24CB548B}.Release|Any CPU.ActiveCfg = Release|Any CPU
		{4AB56C05-8E9B-47F9-A2F2-D23C24CB548B}.Release|Any CPU.Build.0 = Release|Any CPU
		{A6141A3A-FDE7-4E57-952F-FFA8FF00FD36}.Debug|Any CPU.ActiveCfg = Debug|Any CPU
		{A6141A3A-FDE7-4E57-952F-FFA8FF00FD36}.Debug|Any CPU.Build.0 = Debug|Any CPU
		{A6141A3A-FDE7-4E57-952F-FFA8FF00FD36}.Release|Any CPU.ActiveCfg = Release|Any CPU
		{A6141A3A-FDE7-4E57-952F-FFA8FF00FD36}.Release|Any CPU.Build.0 = Release|Any CPU
		{DCABD199-E93A-4B83-92C1-FCADD625F350}.Debug|Any CPU.ActiveCfg = Debug|Any CPU
		{DCABD199-E93A-4B83-92C1-FCADD625F350}.Debug|Any CPU.Build.0 = Debug|Any CPU
		{DCABD199-E93A-4B83-92C1-FCADD625F350}.Release|Any CPU.ActiveCfg = Release|Any CPU
		{DCABD199-E93A-4B83-92C1-FCADD625F350}.Release|Any CPU.Build.0 = Release|Any CPU
		{84540186-43BE-4A65-97AB-79A63176E689}.Debug|Any CPU.ActiveCfg = Debug|Any CPU
		{84540186-43BE-4A65-97AB-79A63176E689}.Debug|Any CPU.Build.0 = Debug|Any CPU
		{84540186-43BE-4A65-97AB-79A63176E689}.Release|Any CPU.ActiveCfg = Release|Any CPU
		{84540186-43BE-4A65-97AB-79A63176E689}.Release|Any CPU.Build.0 = Release|Any CPU
	EndGlobalSection
	GlobalSection(SolutionProperties) = preSolution
		HideSolutionNode = FALSE
	EndGlobalSection
	GlobalSection(NestedProjects) = preSolution
		{0AF9F171-415D-4A95-B564-09FDA97085D0} = {E922B313-AB37-45FB-B81B-A206CE82B001}
		{36A29ECC-5FE3-4CDF-A301-CC4A33F3B569} = {E922B313-AB37-45FB-B81B-A206CE82B001}
		{2875F638-4507-45CC-A21F-7D6D78E0AA8C} = {E922B313-AB37-45FB-B81B-A206CE82B001}
		{39FBFCFD-9A05-4BA9-B351-3BB8BF1C9116} = {D5C79CE8-1166-41FE-A28D-149BD861106D}
		{425729BE-2713-45A8-800E-FE05C47C9839} = {D5C79CE8-1166-41FE-A28D-149BD861106D}
		{69BC850F-E186-470F-8A11-3028E712AB4C} = {D5C79CE8-1166-41FE-A28D-149BD861106D}
		{04B22110-4723-4926-A6ED-1C98F68B95E1} = {D5C79CE8-1166-41FE-A28D-149BD861106D}
		{25E802B8-9467-4538-9B63-98B1DF520662} = {D5C79CE8-1166-41FE-A28D-149BD861106D}
		{C724664A-C88B-482D-A215-4E0BA99A27E3} = {D5C79CE8-1166-41FE-A28D-149BD861106D}
		{80100CB2-3958-48A0-AB76-2FC69CCF877F} = {D5C79CE8-1166-41FE-A28D-149BD861106D}
		{48DADD7E-388D-4405-9F29-B69615C2E87D} = {D5C79CE8-1166-41FE-A28D-149BD861106D}
		{36A8B3B7-6E72-4BCC-A88F-A0DFCCC6915B} = {D5C79CE8-1166-41FE-A28D-149BD861106D}
		{4433D469-B373-4A1C-B0DB-CDA61597729C} = {D5C79CE8-1166-41FE-A28D-149BD861106D}
		{B68E23FD-C31D-43EA-99E4-087575C30E24} = {D5C79CE8-1166-41FE-A28D-149BD861106D}
		{D5C79CE8-1166-41FE-A28D-149BD861106D} = {36A29ECC-5FE3-4CDF-A301-CC4A33F3B569}
		{8831A637-A85F-4C62-B2E0-A70A82CEBFAE} = {36A29ECC-5FE3-4CDF-A301-CC4A33F3B569}
		{706E45E3-CED3-42B4-9ED5-69F25ABD1B08} = {36A29ECC-5FE3-4CDF-A301-CC4A33F3B569}
		{F4C5BE34-AF8C-462F-B4AA-998D9BE75623} = {8831A637-A85F-4C62-B2E0-A70A82CEBFAE}
		{61897884-7215-44F5-9E60-B36897B394CE} = {8831A637-A85F-4C62-B2E0-A70A82CEBFAE}
		{733FC533-6B10-4AF5-90EC-F795D84C81CD} = {8831A637-A85F-4C62-B2E0-A70A82CEBFAE}
		{0DAC275C-0804-4790-BB69-1D0A4979887B} = {8831A637-A85F-4C62-B2E0-A70A82CEBFAE}
		{AD9AA70C-CEB9-4E75-B740-31FBC319B46A} = {8831A637-A85F-4C62-B2E0-A70A82CEBFAE}
		{B2F00CA1-C5E2-4E6D-A544-411ACF4E2E8D} = {8831A637-A85F-4C62-B2E0-A70A82CEBFAE}
		{1ED20BAD-804B-4B6E-81B6-5066DE3A4E7E} = {8831A637-A85F-4C62-B2E0-A70A82CEBFAE}
		{AA594BF1-07AD-4F27-A16A-50DB85EB6D85} = {706E45E3-CED3-42B4-9ED5-69F25ABD1B08}
		{B6400C06-186B-4722-A508-268D7FBCB1A7} = {706E45E3-CED3-42B4-9ED5-69F25ABD1B08}
		{E12B9208-52DF-4CDF-96B1-12C5B87D37EA} = {706E45E3-CED3-42B4-9ED5-69F25ABD1B08}
		{8ECFF2BD-7C2C-4EF4-AAFE-E71C1164ECC2} = {706E45E3-CED3-42B4-9ED5-69F25ABD1B08}
		{17AC39BB-1E7C-4E24-8AB4-CE89ECB409DC} = {706E45E3-CED3-42B4-9ED5-69F25ABD1B08}
		{914F3BF1-174F-4B30-B491-B1E6406AC135} = {706E45E3-CED3-42B4-9ED5-69F25ABD1B08}
		{9B4FF65C-E06F-4647-A945-4DDFA329B4AF} = {706E45E3-CED3-42B4-9ED5-69F25ABD1B08}
		{CCFAD43B-6B06-4632-B1E1-3CE41811D62D} = {706E45E3-CED3-42B4-9ED5-69F25ABD1B08}
		{EDE80FBE-8FD7-45A4-92D2-FBEB1DF042D6} = {706E45E3-CED3-42B4-9ED5-69F25ABD1B08}
		{D5ABAE01-9C5E-41CE-B61F-C1250161BCE9} = {706E45E3-CED3-42B4-9ED5-69F25ABD1B08}
		{FA8CB07B-899A-423C-B061-29C22FB3DA39} = {706E45E3-CED3-42B4-9ED5-69F25ABD1B08}
		{ABFE607D-2ADF-489A-B3C4-022EDC434214} = {2875F638-4507-45CC-A21F-7D6D78E0AA8C}
		{672D2FBF-1679-465A-8AAE-62B83E197905} = {2875F638-4507-45CC-A21F-7D6D78E0AA8C}
		{727D8E44-28FD-419A-A8BD-43292D6BD535} = {2875F638-4507-45CC-A21F-7D6D78E0AA8C}
		{A0514EBB-B17B-499D-9EBA-769007F01400} = {2875F638-4507-45CC-A21F-7D6D78E0AA8C}
		{08FB2DCD-FA7D-49A2-9051-CFAA39E38796} = {36A29ECC-5FE3-4CDF-A301-CC4A33F3B569}
		{EC99CD27-30A4-468E-870A-9D2C934B500A} = {0AF9F171-415D-4A95-B564-09FDA97085D0}
		{4AB56C05-8E9B-47F9-A2F2-D23C24CB548B} = {0AF9F171-415D-4A95-B564-09FDA97085D0}
		{A6141A3A-FDE7-4E57-952F-FFA8FF00FD36} = {0AF9F171-415D-4A95-B564-09FDA97085D0}
		{DCABD199-E93A-4B83-92C1-FCADD625F350} = {0AF9F171-415D-4A95-B564-09FDA97085D0}
		{84540186-43BE-4A65-97AB-79A63176E689} = {0AF9F171-415D-4A95-B564-09FDA97085D0}
	EndGlobalSection
EndGlobal
